// !$*UTF8*$!
{
	archiveVersion = 1;
	classes = {
	};
	objectVersion = 50;
	objects = {

/* Begin PBXBuildFile section */
		6A94CBC92190437B000ADEEE /* AppDelegate.m in Sources */ = {isa = PBXBuildFile; fileRef = 6A94CBC82190437B000ADEEE /* AppDelegate.m */; };
		6A94CBCC2190437B000ADEEE /* ViewController.m in Sources */ = {isa = PBXBuildFile; fileRef = 6A94CBCB2190437B000ADEEE /* ViewController.m */; };
		6A94CBCF2190437B000ADEEE /* Main.storyboard in Resources */ = {isa = PBXBuildFile; fileRef = 6A94CBCD2190437B000ADEEE /* Main.storyboard */; };
		6A94CBD12190438C000ADEEE /* Assets.xcassets in Resources */ = {isa = PBXBuildFile; fileRef = 6A94CBD02190438C000ADEEE /* Assets.xcassets */; };
		6A94CBD42190438C000ADEEE /* LaunchScreen.storyboard in Resources */ = {isa = PBXBuildFile; fileRef = 6A94CBD22190438C000ADEEE /* LaunchScreen.storyboard */; };
		6A94CBD72190438C000ADEEE /* main.m in Sources */ = {isa = PBXBuildFile; fileRef = 6A94CBD62190438C000ADEEE /* main.m */; };
		6A94CBEB21904716000ADEEE /* Test01ViewController.m in Sources */ = {isa = PBXBuildFile; fileRef = 6A94CBEA21904716000ADEEE /* Test01ViewController.m */; };
		6A94CBEE2190472A000ADEEE /* Test02ViewController.m in Sources */ = {isa = PBXBuildFile; fileRef = 6A94CBED2190472A000ADEEE /* Test02ViewController.m */; };
		6A94CBF121904735000ADEEE /* Test03ViewController.m in Sources */ = {isa = PBXBuildFile; fileRef = 6A94CBF021904735000ADEEE /* Test03ViewController.m */; };
		6A94CBF421904742000ADEEE /* Test04ViewController.m in Sources */ = {isa = PBXBuildFile; fileRef = 6A94CBF321904742000ADEEE /* Test04ViewController.m */; };
		6A94CBF721904750000ADEEE /* Test05ViewController.m in Sources */ = {isa = PBXBuildFile; fileRef = 6A94CBF621904750000ADEEE /* Test05ViewController.m */; };
		6A94CBFA2190475F000ADEEE /* Test06ViewController.m in Sources */ = {isa = PBXBuildFile; fileRef = 6A94CBF92190475F000ADEEE /* Test06ViewController.m */; };
/* End PBXBuildFile section */

/* Begin PBXFileReference section */
		6A94CBC42190437B000ADEEE /* LLTestMessage.app */ = {isa = PBXFileReference; explicitFileType = wrapper.application; includeInIndex = 0; path = LLTestMessage.app; sourceTree = BUILT_PRODUCTS_DIR; };
		6A94CBC72190437B000ADEEE /* AppDelegate.h */ = {isa = PBXFileReference; lastKnownFileType = sourcecode.c.h; path = AppDelegate.h; sourceTree = "<group>"; };
		6A94CBC82190437B000ADEEE /* AppDelegate.m */ = {isa = PBXFileReference; lastKnownFileType = sourcecode.c.objc; path = AppDelegate.m; sourceTree = "<group>"; };
		6A94CBCA2190437B000ADEEE /* ViewController.h */ = {isa = PBXFileReference; lastKnownFileType = sourcecode.c.h; path = ViewController.h; sourceTree = "<group>"; };
		6A94CBCB2190437B000ADEEE /* ViewController.m */ = {isa = PBXFileReference; lastKnownFileType = sourcecode.c.objc; path = ViewController.m; sourceTree = "<group>"; };
		6A94CBCE2190437B000ADEEE /* Base */ = {isa = PBXFileReference; lastKnownFileType = file.storyboard; name = Base; path = Base.lproj/Main.storyboard; sourceTree = "<group>"; };
		6A94CBD02190438C000ADEEE /* Assets.xcassets */ = {isa = PBXFileReference; lastKnownFileType = folder.assetcatalog; path = Assets.xcassets; sourceTree = "<group>"; };
		6A94CBD32190438C000ADEEE /* Base */ = {isa = PBXFileReference; lastKnownFileType = file.storyboard; name = Base; path = Base.lproj/LaunchScreen.storyboard; sourceTree = "<group>"; };
		6A94CBD52190438C000ADEEE /* Info.plist */ = {isa = PBXFileReference; lastKnownFileType = text.plist.xml; path = Info.plist; sourceTree = "<group>"; };
		6A94CBD62190438C000ADEEE /* main.m */ = {isa = PBXFileReference; lastKnownFileType = sourcecode.c.objc; path = main.m; sourceTree = "<group>"; };
		6A94CBE921904716000ADEEE /* Test01ViewController.h */ = {isa = PBXFileReference; lastKnownFileType = sourcecode.c.h; path = Test01ViewController.h; sourceTree = "<group>"; };
		6A94CBEA21904716000ADEEE /* Test01ViewController.m */ = {isa = PBXFileReference; lastKnownFileType = sourcecode.c.objc; path = Test01ViewController.m; sourceTree = "<group>"; };
		6A94CBEC2190472A000ADEEE /* Test02ViewController.h */ = {isa = PBXFileReference; lastKnownFileType = sourcecode.c.h; path = Test02ViewController.h; sourceTree = "<group>"; };
		6A94CBED2190472A000ADEEE /* Test02ViewController.m */ = {isa = PBXFileReference; lastKnownFileType = sourcecode.c.objc; path = Test02ViewController.m; sourceTree = "<group>"; };
		6A94CBEF21904735000ADEEE /* Test03ViewController.h */ = {isa = PBXFileReference; lastKnownFileType = sourcecode.c.h; path = Test03ViewController.h; sourceTree = "<group>"; };
		6A94CBF021904735000ADEEE /* Test03ViewController.m */ = {isa = PBXFileReference; lastKnownFileType = sourcecode.c.objc; path = Test03ViewController.m; sourceTree = "<group>"; };
		6A94CBF221904742000ADEEE /* Test04ViewController.h */ = {isa = PBXFileReference; lastKnownFileType = sourcecode.c.h; path = Test04ViewController.h; sourceTree = "<group>"; };
		6A94CBF321904742000ADEEE /* Test04ViewController.m */ = {isa = PBXFileReference; lastKnownFileType = sourcecode.c.objc; path = Test04ViewController.m; sourceTree = "<group>"; };
		6A94CBF521904750000ADEEE /* Test05ViewController.h */ = {isa = PBXFileReference; lastKnownFileType = sourcecode.c.h; path = Test05ViewController.h; sourceTree = "<group>"; };
		6A94CBF621904750000ADEEE /* Test05ViewController.m */ = {isa = PBXFileReference; lastKnownFileType = sourcecode.c.objc; path = Test05ViewController.m; sourceTree = "<group>"; };
		6A94CBF82190475F000ADEEE /* Test06ViewController.h */ = {isa = PBXFileReference; lastKnownFileType = sourcecode.c.h; path = Test06ViewController.h; sourceTree = "<group>"; };
		6A94CBF92190475F000ADEEE /* Test06ViewController.m */ = {isa = PBXFileReference; lastKnownFileType = sourcecode.c.objc; path = Test06ViewController.m; sourceTree = "<group>"; };
/* End PBXFileReference section */

/* Begin PBXFrameworksBuildPhase section */
		6A94CBC12190437B000ADEEE /* Frameworks */ = {
			isa = PBXFrameworksBuildPhase;
			buildActionMask = 2147483647;
			files = (
			);
			runOnlyForDeploymentPostprocessing = 0;
		};
/* End PBXFrameworksBuildPhase section */

/* Begin PBXGroup section */
		6A94CBBB2190437A000ADEEE = {
			isa = PBXGroup;
			children = (
				6A94CBC62190437B000ADEEE /* LLTestMessage */,
				6A94CBC52190437B000ADEEE /* Products */,
			);
			sourceTree = "<group>";
		};
		6A94CBC52190437B000ADEEE /* Products */ = {
			isa = PBXGroup;
			children = (
				6A94CBC42190437B000ADEEE /* LLTestMessage.app */,
			);
			name = Products;
			sourceTree = "<group>";
		};
		6A94CBC62190437B000ADEEE /* LLTestMessage */ = {
			isa = PBXGroup;
			children = (
				6A94CBC72190437B000ADEEE /* AppDelegate.h */,
				6A94CBC82190437B000ADEEE /* AppDelegate.m */,
				6A94CBCA2190437B000ADEEE /* ViewController.h */,
				6A94CBCB2190437B000ADEEE /* ViewController.m */,
				6A94CBCD2190437B000ADEEE /* Main.storyboard */,
				6A94CBD02190438C000ADEEE /* Assets.xcassets */,
				6A94CBD22190438C000ADEEE /* LaunchScreen.storyboard */,
				6A94CBD52190438C000ADEEE /* Info.plist */,
				6A94CBD62190438C000ADEEE /* main.m */,
				6A94CBE5219046EB000ADEEE /* 01 */,
				6A94CBE6219046EB000ADEEE /* 02 */,
				6A94CBE4219046EB000ADEEE /* 03 */,
				6A94CBE7219046EB000ADEEE /* 04 */,
				6A94CBE3219046EB000ADEEE /* 05 */,
				6A94CBE8219046EB000ADEEE /* 06 */,
			);
			path = LLTestMessage;
			sourceTree = "<group>";
		};
		6A94CBE3219046EB000ADEEE /* 05 */ = {
			isa = PBXGroup;
			children = (
				6A94CBF521904750000ADEEE /* Test05ViewController.h */,
				6A94CBF621904750000ADEEE /* Test05ViewController.m */,
			);
			path = 05;
			sourceTree = "<group>";
		};
		6A94CBE4219046EB000ADEEE /* 03 */ = {
			isa = PBXGroup;
			children = (
				6A94CBEF21904735000ADEEE /* Test03ViewController.h */,
				6A94CBF021904735000ADEEE /* Test03ViewController.m */,
			);
			path = 03;
			sourceTree = "<group>";
		};
		6A94CBE5219046EB000ADEEE /* 01 */ = {
			isa = PBXGroup;
			children = (
				6A94CBE921904716000ADEEE /* Test01ViewController.h */,
				6A94CBEA21904716000ADEEE /* Test01ViewController.m */,
			);
			path = 01;
			sourceTree = "<group>";
		};
		6A94CBE6219046EB000ADEEE /* 02 */ = {
			isa = PBXGroup;
			children = (
				6A94CBEC2190472A000ADEEE /* Test02ViewController.h */,
				6A94CBED2190472A000ADEEE /* Test02ViewController.m */,
			);
			path = 02;
			sourceTree = "<group>";
		};
		6A94CBE7219046EB000ADEEE /* 04 */ = {
			isa = PBXGroup;
			children = (
				6A94CBF221904742000ADEEE /* Test04ViewController.h */,
				6A94CBF321904742000ADEEE /* Test04ViewController.m */,
			);
			path = 04;
			sourceTree = "<group>";
		};
		6A94CBE8219046EB000ADEEE /* 06 */ = {
			isa = PBXGroup;
			children = (
				6A94CBF82190475F000ADEEE /* Test06ViewController.h */,
				6A94CBF92190475F000ADEEE /* Test06ViewController.m */,
			);
			path = 06;
			sourceTree = "<group>";
		};
/* End PBXGroup section */

/* Begin PBXNativeTarget section */
		6A94CBC32190437B000ADEEE /* LLTestMessage */ = {
			isa = PBXNativeTarget;
			buildConfigurationList = 6A94CBDA2190438C000ADEEE /* Build configuration list for PBXNativeTarget "LLTestMessage" */;
			buildPhases = (
				6A94CBC02190437B000ADEEE /* Sources */,
				6A94CBC12190437B000ADEEE /* Frameworks */,
				6A94CBC22190437B000ADEEE /* Resources */,
			);
			buildRules = (
			);
			dependencies = (
			);
			name = LLTestMessage;
			productName = LLTestMessage;
			productReference = 6A94CBC42190437B000ADEEE /* LLTestMessage.app */;
			productType = "com.apple.product-type.application";
		};
/* End PBXNativeTarget section */

/* Begin PBXProject section */
		6A94CBBC2190437B000ADEEE /* Project object */ = {
			isa = PBXProject;
			attributes = {
				LastUpgradeCheck = 1000;
				ORGANIZATIONNAME = LL;
				TargetAttributes = {
					6A94CBC32190437B000ADEEE = {
						CreatedOnToolsVersion = 10.0;
					};
				};
			};
			buildConfigurationList = 6A94CBBF2190437B000ADEEE /* Build configuration list for PBXProject "LLTestMessage" */;
			compatibilityVersion = "Xcode 9.3";
			developmentRegion = en;
			hasScannedForEncodings = 0;
			knownRegions = (
				en,
				Base,
			);
			mainGroup = 6A94CBBB2190437A000ADEEE;
			productRefGroup = 6A94CBC52190437B000ADEEE /* Products */;
			projectDirPath = "";
			projectRoot = "";
			targets = (
				6A94CBC32190437B000ADEEE /* LLTestMessage */,
			);
		};
/* End PBXProject section */

/* Begin PBXResourcesBuildPhase section */
		6A94CBC22190437B000ADEEE /* Resources */ = {
			isa = PBXResourcesBuildPhase;
			buildActionMask = 2147483647;
			files = (
				6A94CBD42190438C000ADEEE /* LaunchScreen.storyboard in Resources */,
				6A94CBD12190438C000ADEEE /* Assets.xcassets in Resources */,
				6A94CBCF2190437B000ADEEE /* Main.storyboard in Resources */,
			);
			runOnlyForDeploymentPostprocessing = 0;
		};
/* End PBXResourcesBuildPhase section */

/* Begin PBXSourcesBuildPhase section */
		6A94CBC02190437B000ADEEE /* Sources */ = {
			isa = PBXSourcesBuildPhase;
			buildActionMask = 2147483647;
			files = (
				6A94CBCC2190437B000ADEEE /* ViewController.m in Sources */,
				6A94CBEE2190472A000ADEEE /* Test02ViewController.m in Sources */,
				6A94CBF721904750000ADEEE /* Test05ViewController.m in Sources */,
				6A94CBF121904735000ADEEE /* Test03ViewController.m in Sources */,
				6A94CBD72190438C000ADEEE /* main.m in Sources */,
				6A94CBC92190437B000ADEEE /* AppDelegate.m in Sources */,
				6A94CBFA2190475F000ADEEE /* Test06ViewController.m in Sources */,
				6A94CBEB21904716000ADEEE /* Test01ViewController.m in Sources */,
				6A94CBF421904742000ADEEE /* Test04ViewController.m in Sources */,
			);
			runOnlyForDeploymentPostprocessing = 0;
		};
/* End PBXSourcesBuildPhase section */

/* Begin PBXVariantGroup section */
		6A94CBCD2190437B000ADEEE /* Main.storyboard */ = {
			isa = PBXVariantGroup;
			children = (
				6A94CBCE2190437B000ADEEE /* Base */,
			);
			name = Main.storyboard;
			sourceTree = "<group>";
		};
		6A94CBD22190438C000ADEEE /* LaunchScreen.storyboard */ = {
			isa = PBXVariantGroup;
			children = (
				6A94CBD32190438C000ADEEE /* Base */,
			);
			name = LaunchScreen.storyboard;
			sourceTree = "<group>";
		};
/* End PBXVariantGroup section */

/* Begin XCBuildConfiguration section */
		6A94CBD82190438C000ADEEE /* Debug */ = {
			isa = XCBuildConfiguration;
			buildSettings = {
				ALWAYS_SEARCH_USER_PATHS = NO;
				CLANG_ANALYZER_NONNULL = YES;
				CLANG_ANALYZER_NUMBER_OBJECT_CONVERSION = YES_AGGRESSIVE;
				CLANG_CXX_LANGUAGE_STANDARD = "gnu++14";
				CLANG_CXX_LIBRARY = "libc++";
				CLANG_ENABLE_MODULES = YES;
				CLANG_ENABLE_OBJC_ARC = YES;
				CLANG_ENABLE_OBJC_WEAK = YES;
				CLANG_WARN_BLOCK_CAPTURE_AUTORELEASING = YES;
				CLANG_WARN_BOOL_CONVERSION = YES;
				CLANG_WARN_COMMA = YES;
				CLANG_WARN_CONSTANT_CONVERSION = YES;
				CLANG_WARN_DEPRECATED_OBJC_IMPLEMENTATIONS = YES;
				CLANG_WARN_DIRECT_OBJC_ISA_USAGE = YES_ERROR;
				CLANG_WARN_DOCUMENTATION_COMMENTS = YES;
				CLANG_WARN_EMPTY_BODY = YES;
				CLANG_WARN_ENUM_CONVERSION = YES;
				CLANG_WARN_INFINITE_RECURSION = YES;
				CLANG_WARN_INT_CONVERSION = YES;
				CLANG_WARN_NON_LITERAL_NULL_CONVERSION = YES;
				CLANG_WARN_OBJC_IMPLICIT_RETAIN_SELF = YES;
				CLANG_WARN_OBJC_LITERAL_CONVERSION = YES;
				CLANG_WARN_OBJC_ROOT_CLASS = YES_ERROR;
				CLANG_WARN_RANGE_LOOP_ANALYSIS = YES;
				CLANG_WARN_STRICT_PROTOTYPES = YES;
				CLANG_WARN_SUSPICIOUS_MOVE = YES;
				CLANG_WARN_UNGUARDED_AVAILABILITY = YES_AGGRESSIVE;
				CLANG_WARN_UNREACHABLE_CODE = YES;
				CLANG_WARN__DUPLICATE_METHOD_MATCH = YES;
				CODE_SIGN_IDENTITY = "iPhone Developer";
				COPY_PHASE_STRIP = NO;
				DEBUG_INFORMATION_FORMAT = dwarf;
				ENABLE_STRICT_OBJC_MSGSEND = YES;
				ENABLE_TESTABILITY = YES;
				GCC_C_LANGUAGE_STANDARD = gnu11;
				GCC_DYNAMIC_NO_PIC = NO;
				GCC_NO_COMMON_BLOCKS = YES;
				GCC_OPTIMIZATION_LEVEL = 0;
				GCC_PREPROCESSOR_DEFINITIONS = (
					"DEBUG=1",
					"$(inherited)",
				);
				GCC_WARN_64_TO_32_BIT_CONVERSION = YES;
				GCC_WARN_ABOUT_RETURN_TYPE = YES_ERROR;
				GCC_WARN_UNDECLARED_SELECTOR = YES;
				GCC_WARN_UNINITIALIZED_AUTOS = YES_AGGRESSIVE;
				GCC_WARN_UNUSED_FUNCTION = YES;
				GCC_WARN_UNUSED_VARIABLE = YES;
				IPHONEOS_DEPLOYMENT_TARGET = 12.0;
				MTL_ENABLE_DEBUG_INFO = INCLUDE_SOURCE;
				MTL_FAST_MATH = YES;
				ONLY_ACTIVE_ARCH = YES;
				SDKROOT = iphoneos;
			};
			name = Debug;
		};
		6A94CBD92190438C000ADEEE /* Release */ = {
			isa = XCBuildConfiguration;
			buildSettings = {
				ALWAYS_SEARCH_USER_PATHS = NO;
				CLANG_ANALYZER_NONNULL = YES;
				CLANG_ANALYZER_NUMBER_OBJECT_CONVERSION = YES_AGGRESSIVE;
				CLANG_CXX_LANGUAGE_STANDARD = "gnu++14";
				CLANG_CXX_LIBRARY = "libc++";
				CLANG_ENABLE_MODULES = YES;
				CLANG_ENABLE_OBJC_ARC = YES;
				CLANG_ENABLE_OBJC_WEAK = YES;
				CLANG_WARN_BLOCK_CAPTURE_AUTORELEASING = YES;
				CLANG_WARN_BOOL_CONVERSION = YES;
				CLANG_WARN_COMMA = YES;
				CLANG_WARN_CONSTANT_CONVERSION = YES;
				CLANG_WARN_DEPRECATED_OBJC_IMPLEMENTATIONS = YES;
				CLANG_WARN_DIRECT_OBJC_ISA_USAGE = YES_ERROR;
				CLANG_WARN_DOCUMENTATION_COMMENTS = YES;
				CLANG_WARN_EMPTY_BODY = YES;
				CLANG_WARN_ENUM_CONVERSION = YES;
				CLANG_WARN_INFINITE_RECURSION = YES;
				CLANG_WARN_INT_CONVERSION = YES;
				CLANG_WARN_NON_LITERAL_NULL_CONVERSION = YES;
				CLANG_WARN_OBJC_IMPLICIT_RETAIN_SELF = YES;
				CLANG_WARN_OBJC_LITERAL_CONVERSION = YES;
				CLANG_WARN_OBJC_ROOT_CLASS = YES_ERROR;
				CLANG_WARN_RANGE_LOOP_ANALYSIS = YES;
				CLANG_WARN_STRICT_PROTOTYPES = YES;
				CLANG_WARN_SUSPICIOUS_MOVE = YES;
				CLANG_WARN_UNGUARDED_AVAILABILITY = YES_AGGRESSIVE;
				CLANG_WARN_UNREACHABLE_CODE = YES;
				CLANG_WARN__DUPLICATE_METHOD_MATCH = YES;
				CODE_SIGN_IDENTITY = "iPhone Developer";
				COPY_PHASE_STRIP = NO;
				DEBUG_INFORMATION_FORMAT = "dwarf-with-dsym";
				ENABLE_NS_ASSERTIONS = NO;
				ENABLE_STRICT_OBJC_MSGSEND = YES;
				GCC_C_LANGUAGE_STANDARD = gnu11;
				GCC_NO_COMMON_BLOCKS = YES;
				GCC_WARN_64_TO_32_BIT_CONVERSION = YES;
				GCC_WARN_ABOUT_RETURN_TYPE = YES_ERROR;
				GCC_WARN_UNDECLARED_SELECTOR = YES;
				GCC_WARN_UNINITIALIZED_AUTOS = YES_AGGRESSIVE;
				GCC_WARN_UNUSED_FUNCTION = YES;
				GCC_WARN_UNUSED_VARIABLE = YES;
				IPHONEOS_DEPLOYMENT_TARGET = 12.0;
				MTL_ENABLE_DEBUG_INFO = NO;
				MTL_FAST_MATH = YES;
				SDKROOT = iphoneos;
				VALIDATE_PRODUCT = YES;
			};
			name = Release;
		};
		6A94CBDB2190438C000ADEEE /* Debug */ = {
			isa = XCBuildConfiguration;
			buildSettings = {
				ASSETCATALOG_COMPILER_APPICON_NAME = AppIcon;
				CODE_SIGN_STYLE = Manual;
				DEVELOPMENT_TEAM = "";
				INFOPLIST_FILE = LLTestMessage/Info.plist;
				IPHONEOS_DEPLOYMENT_TARGET = 9.0;
				LD_RUNPATH_SEARCH_PATHS = (
					"$(inherited)",
					"@executable_path/Frameworks",
				);
				PRODUCT_BUNDLE_IDENTIFIER = com.richinfo.LLTestMessage;
				PRODUCT_NAME = "$(TARGET_NAME)";
				PROVISIONING_PROFILE_SPECIFIER = "";
				TARGETED_DEVICE_FAMILY = "1,2";
			};
			name = Debug;
		};
		6A94CBDC2190438C000ADEEE /* Release */ = {
			isa = XCBuildConfiguration;
			buildSettings = {
				ASSETCATALOG_COMPILER_APPICON_NAME = AppIcon;
				CODE_SIGN_STYLE = Manual;
				DEVELOPMENT_TEAM = "";
				INFOPLIST_FILE = LLTestMessage/Info.plist;
				IPHONEOS_DEPLOYMENT_TARGET = 9.0;
				LD_RUNPATH_SEARCH_PATHS = (
					"$(inherited)",
					"@executable_path/Frameworks",
				);
				PRODUCT_BUNDLE_IDENTIFIER = com.richinfo.LLTestMessage;
				PRODUCT_NAME = "$(TARGET_NAME)";
				PROVISIONING_PROFILE_SPECIFIER = "";
				TARGETED_DEVICE_FAMILY = "1,2";
			};
			name = Release;
		};
/* End XCBuildConfiguration section */

/* Begin XCConfigurationList section */
		6A94CBBF2190437B000ADEEE /* Build configuration list for PBXProject "LLTestMessage" */ = {
			isa = XCConfigurationList;
			buildConfigurations = (
				6A94CBD82190438C000ADEEE /* Debug */,
				6A94CBD92190438C000ADEEE /* Release */,
			);
			defaultConfigurationIsVisible = 0;
			defaultConfigurationName = Release;
		};
		6A94CBDA2190438C000ADEEE /* Build configuration list for PBXNativeTarget "LLTestMessage" */ = {
			isa = XCConfigurationList;
			buildConfigurations = (
				6A94CBDB2190438C000ADEEE /* Debug */,
				6A94CBDC2190438C000ADEEE /* Release */,
			);
			defaultConfigurationIsVisible = 0;
			defaultConfigurationName = Release;
		};
/* End XCConfigurationList section */
	};
	rootObject = 6A94CBBC2190437B000ADEEE /* Project object */;
}
